
Microsoft Visual Studio Solution File, Format Version 12.00
# Visual Studio Version 17
VisualStudioVersion = 17.13.35919.96 d17.13
MinimumVisualStudioVersion = 10.0.40219.1
Project("{FAE04EC0-301F-11D3-BF4B-00C04F79EFBC}") = "Dictionaries", "Dictionaries\Dictionaries.csproj", "{9437FCF2-0446-49B4-A735-83A24A901F1D}"
EndProject
Global
	GlobalSection(SolutionConfigurationPlatforms) = preSolution
		Debug|Any CPU = Debug|Any CPU
		Release|Any CPU = Release|Any CPU
	EndGlobalSection
	GlobalSection(ProjectConfigurationPlatforms) = postSolution
		{9437FCF2-0446-49B4-A735-83A24A901F1D}.Debug|Any CPU.ActiveCfg = Debug|Any CPU
		{9437FCF2-0446-49B4-A735-83A24A901F1D}.Debug|Any CPU.Build.0 = Debug|Any CPU
		{9437FCF2-0446-49B4-A735-83A24A901F1D}.Release|Any CPU.ActiveCfg = Release|Any CPU
		{9437FCF2-0446-49B4-A735-83A24A901F1D}.Release|Any CPU.Build.0 = Release|Any CPU
	EndGlobalSection
	GlobalSection(SolutionProperties) = preSolution
		HideSolutionNode = FALSE
	EndGlobalSection
	GlobalSection(ExtensibilityGlobals) = postSolution
		SolutionGuid = {C54009D5-2BF2-4DAD-8A2B-82061CAFDB6D}
	EndGlobalSection
EndGlobal
