
Microsoft Visual Studio Solution File, Format Version 12.00
# Visual Studio Version 17
VisualStudioVersion = 17.13.35919.96 d17.13
MinimumVisualStudioVersion = 10.0.40219.1
Project("{FAE04EC0-301F-11D3-BF4B-00C04F79EFBC}") = "TodoApp", "TodoApp\TodoApp.csproj", "{65C38CE1-0942-44C9-B9B0-9ECE080AC5BC}"
EndProject
Global
	GlobalSection(SolutionConfigurationPlatforms) = preSolution
		Debug|Any CPU = Debug|Any CPU
		Release|Any CPU = Release|Any CPU
	EndGlobalSection
	GlobalSection(ProjectConfigurationPlatforms) = postSolution
		{65C38CE1-0942-44C9-B9B0-9ECE080AC5BC}.Debug|Any CPU.ActiveCfg = Debug|Any CPU
		{65C38CE1-0942-44C9-B9B0-9ECE080AC5BC}.Debug|Any CPU.Build.0 = Debug|Any CPU
		{65C38CE1-0942-44C9-B9B0-9ECE080AC5BC}.Release|Any CPU.ActiveCfg = Release|Any CPU
		{65C38CE1-0942-44C9-B9B0-9ECE080AC5BC}.Release|Any CPU.Build.0 = Release|Any CPU
	EndGlobalSection
	GlobalSection(SolutionProperties) = preSolution
		HideSolutionNode = FALSE
	EndGlobalSection
	GlobalSection(ExtensibilityGlobals) = postSolution
		SolutionGuid = {4C1F9CFC-06ED-417C-AD22-825BD40DE572}
	EndGlobalSection
EndGlobal
