
Microsoft Visual Studio Solution File, Format Version 12.00
# Visual Studio Version 17
VisualStudioVersion = 17.13.35919.96 d17.13
MinimumVisualStudioVersion = 10.0.40219.1
Project("{FAE04EC0-301F-11D3-BF4B-00C04F79EFBC}") = "RocketLandingSim", "RocketLandingSim\RocketLandingSim.csproj", "{E007D7A8-D60C-4B08-8F9F-3B570B97FD70}"
EndProject
Global
	GlobalSection(SolutionConfigurationPlatforms) = preSolution
		Debug|Any CPU = Debug|Any CPU
		Release|Any CPU = Release|Any CPU
	EndGlobalSection
	GlobalSection(ProjectConfigurationPlatforms) = postSolution
		{E007D7A8-D60C-4B08-8F9F-3B570B97FD70}.Debug|Any CPU.ActiveCfg = Debug|Any CPU
		{E007D7A8-D60C-4B08-8F9F-3B570B97FD70}.Debug|Any CPU.Build.0 = Debug|Any CPU
		{E007D7A8-D60C-4B08-8F9F-3B570B97FD70}.Release|Any CPU.ActiveCfg = Release|Any CPU
		{E007D7A8-D60C-4B08-8F9F-3B570B97FD70}.Release|Any CPU.Build.0 = Release|Any CPU
	EndGlobalSection
	GlobalSection(SolutionProperties) = preSolution
		HideSolutionNode = FALSE
	EndGlobalSection
	GlobalSection(ExtensibilityGlobals) = postSolution
		SolutionGuid = {83D15F61-8DFB-443E-8500-A5490E7DA2E7}
	EndGlobalSection
EndGlobal
