
Microsoft Visual Studio Solution File, Format Version 12.00
# Visual Studio Version 17
VisualStudioVersion = 17.13.35919.96 d17.13
MinimumVisualStudioVersion = 10.0.40219.1
Project("{FAE04EC0-301F-11D3-BF4B-00C04F79EFBC}") = "ListsApp", "ListsApp\ListsApp.csproj", "{9B83CC1D-9938-4A1B-8F70-3B0858CC545D}"
EndProject
Global
	GlobalSection(SolutionConfigurationPlatforms) = preSolution
		Debug|Any CPU = Debug|Any CPU
		Release|Any CPU = Release|Any CPU
	EndGlobalSection
	GlobalSection(ProjectConfigurationPlatforms) = postSolution
		{9B83CC1D-9938-4A1B-8F70-3B0858CC545D}.Debug|Any CPU.ActiveCfg = Debug|Any CPU
		{9B83CC1D-9938-4A1B-8F70-3B0858CC545D}.Debug|Any CPU.Build.0 = Debug|Any CPU
		{9B83CC1D-9938-4A1B-8F70-3B0858CC545D}.Release|Any CPU.ActiveCfg = Release|Any CPU
		{9B83CC1D-9938-4A1B-8F70-3B0858CC545D}.Release|Any CPU.Build.0 = Release|Any CPU
	EndGlobalSection
	GlobalSection(SolutionProperties) = preSolution
		HideSolutionNode = FALSE
	EndGlobalSection
	GlobalSection(ExtensibilityGlobals) = postSolution
		SolutionGuid = {4F7EA35B-46F8-48D0-AF9D-1953B7BD8400}
	EndGlobalSection
EndGlobal
